
Microsoft Visual Studio Solution File, Format Version 12.00
# Visual Studio 15
VisualStudioVersion = 15.0.26730.12
MinimumVisualStudioVersion = 10.0.40219.1
Project("{8BC9CEB8-8B4A-11D0-8D11-00A0C91BC942}") = "VdiCrack", "VdiCrack\VdiCrack.vcxproj", "{F16AE1E3-E278-40B7-B7A7-1D4F4BF341DF}"
EndProject
Global
	GlobalSection(SolutionConfigurationPlatforms) = preSolution
		Debug|x64 = Debug|x64
		Debug|x86 = Debug|x86
		Release|x64 = Release|x64
		Release|x86 = Release|x86
	EndGlobalSection
	GlobalSection(ProjectConfigurationPlatforms) = postSolution
		{F16AE1E3-E278-40B7-B7A7-1D4F4BF341DF}.Debug|x64.ActiveCfg = Debug|x64
		{F16AE1E3-E278-40B7-B7A7-1D4F4BF341DF}.Debug|x64.Build.0 = Debug|x64
		{F16AE1E3-E278-40B7-B7A7-1D4F4BF341DF}.Debug|x86.ActiveCfg = Debug|Win32
		{F16AE1E3-E278-40B7-B7A7-1D4F4BF341DF}.Debug|x86.Build.0 = Debug|Win32
		{F16AE1E3-E278-40B7-B7A7-1D4F4BF341DF}.Release|x64.ActiveCfg = Release|x64
		{F16AE1E3-E278-40B7-B7A7-1D4F4BF341DF}.Release|x64.Build.0 = Release|x64
		{F16AE1E3-E278-40B7-B7A7-1D4F4BF341DF}.Release|x86.ActiveCfg = Release|Win32
		{F16AE1E3-E278-40B7-B7A7-1D4F4BF341DF}.Release|x86.Build.0 = Release|Win32
	EndGlobalSection
	GlobalSection(SolutionProperties) = preSolution
		HideSolutionNode = FALSE
	EndGlobalSection
	GlobalSection(ExtensibilityGlobals) = postSolution
		SolutionGuid = {32B570AD-61BA-4A28-A82A-7B86828464A8}
	EndGlobalSection
EndGlobal
